
Microsoft Visual Studio Solution File, Format Version 12.00
# Visual Studio 15
VisualStudioVersion = 15.0.28307.1082
MinimumVisualStudioVersion = 10.0.40219.1
Project("{8BC9CEB8-8B4A-11D0-8D11-00A0C91BC942}") = "DataTypes", "DataTypes\DataTypes.vcxproj", "{602C6B34-FADA-4D30-901E-445A3314619C}"
EndProject
Project("{8BC9CEB8-8B4A-11D0-8D11-00A0C91BC942}") = "HomeWork", "HomeWork\HomeWork.vcxproj", "{F98DC8F5-5902-47BB-A45F-52AE9FBD163E}"
EndProject
Project("{8BC9CEB8-8B4A-11D0-8D11-00A0C91BC942}") = "Operators", "Operators\Operators.vcxproj", "{FE9D8837-BB10-4490-852F-C66C82D125FF}"
EndProject
Global
	GlobalSection(SolutionConfigurationPlatforms) = preSolution
		Debug|x64 = Debug|x64
		Debug|x86 = Debug|x86
		Release|x64 = Release|x64
		Release|x86 = Release|x86
	EndGlobalSection
	GlobalSection(ProjectConfigurationPlatforms) = postSolution
		{602C6B34-FADA-4D30-901E-445A3314619C}.Debug|x64.ActiveCfg = Debug|x64
		{602C6B34-FADA-4D30-901E-445A3314619C}.Debug|x64.Build.0 = Debug|x64
		{602C6B34-FADA-4D30-901E-445A3314619C}.Debug|x86.ActiveCfg = Debug|Win32
		{602C6B34-FADA-4D30-901E-445A3314619C}.Debug|x86.Build.0 = Debug|Win32
		{602C6B34-FADA-4D30-901E-445A3314619C}.Release|x64.ActiveCfg = Release|x64
		{602C6B34-FADA-4D30-901E-445A3314619C}.Release|x64.Build.0 = Release|x64
		{602C6B34-FADA-4D30-901E-445A3314619C}.Release|x86.ActiveCfg = Release|Win32
		{602C6B34-FADA-4D30-901E-445A3314619C}.Release|x86.Build.0 = Release|Win32
		{F98DC8F5-5902-47BB-A45F-52AE9FBD163E}.Debug|x64.ActiveCfg = Debug|x64
		{F98DC8F5-5902-47BB-A45F-52AE9FBD163E}.Debug|x64.Build.0 = Debug|x64
		{F98DC8F5-5902-47BB-A45F-52AE9FBD163E}.Debug|x86.ActiveCfg = Debug|Win32
		{F98DC8F5-5902-47BB-A45F-52AE9FBD163E}.Debug|x86.Build.0 = Debug|Win32
		{F98DC8F5-5902-47BB-A45F-52AE9FBD163E}.Release|x64.ActiveCfg = Release|x64
		{F98DC8F5-5902-47BB-A45F-52AE9FBD163E}.Release|x64.Build.0 = Release|x64
		{F98DC8F5-5902-47BB-A45F-52AE9FBD163E}.Release|x86.ActiveCfg = Release|Win32
		{F98DC8F5-5902-47BB-A45F-52AE9FBD163E}.Release|x86.Build.0 = Release|Win32
		{FE9D8837-BB10-4490-852F-C66C82D125FF}.Debug|x64.ActiveCfg = Debug|x64
		{FE9D8837-BB10-4490-852F-C66C82D125FF}.Debug|x64.Build.0 = Debug|x64
		{FE9D8837-BB10-4490-852F-C66C82D125FF}.Debug|x86.ActiveCfg = Debug|Win32
		{FE9D8837-BB10-4490-852F-C66C82D125FF}.Debug|x86.Build.0 = Debug|Win32
		{FE9D8837-BB10-4490-852F-C66C82D125FF}.Release|x64.ActiveCfg = Release|x64
		{FE9D8837-BB10-4490-852F-C66C82D125FF}.Release|x64.Build.0 = Release|x64
		{FE9D8837-BB10-4490-852F-C66C82D125FF}.Release|x86.ActiveCfg = Release|Win32
		{FE9D8837-BB10-4490-852F-C66C82D125FF}.Release|x86.Build.0 = Release|Win32
	EndGlobalSection
	GlobalSection(SolutionProperties) = preSolution
		HideSolutionNode = FALSE
	EndGlobalSection
	GlobalSection(ExtensibilityGlobals) = postSolution
		SolutionGuid = {7A51B6F8-A731-4089-9244-C9E053F5F79F}
	EndGlobalSection
EndGlobal
