
Microsoft Visual Studio Solution File, Format Version 12.00
# Visual Studio 15
VisualStudioVersion = 15.0.28307.1082
MinimumVisualStudioVersion = 10.0.40219.1
Project("{8BC9CEB8-8B4A-11D0-8D11-00A0C91BC942}") = "ControlStructures", "ControlStructures\ControlStructures.vcxproj", "{86F87BE0-95C8-4846-A5CF-45B88D6DCBDC}"
EndProject
Project("{8BC9CEB8-8B4A-11D0-8D11-00A0C91BC942}") = "HomeWork", "HomeWork\HomeWork.vcxproj", "{DCD9894F-F45D-41C9-B1A2-86141DBED32A}"
EndProject
Project("{8BC9CEB8-8B4A-11D0-8D11-00A0C91BC942}") = "LOOPS", "LOOPS\LOOPS.vcxproj", "{DA178CD9-0E19-43BB-AF76-6AF94BF3A4FD}"
EndProject
Global
	GlobalSection(SolutionConfigurationPlatforms) = preSolution
		Debug|x64 = Debug|x64
		Debug|x86 = Debug|x86
		Release|x64 = Release|x64
		Release|x86 = Release|x86
	EndGlobalSection
	GlobalSection(ProjectConfigurationPlatforms) = postSolution
		{86F87BE0-95C8-4846-A5CF-45B88D6DCBDC}.Debug|x64.ActiveCfg = Debug|x64
		{86F87BE0-95C8-4846-A5CF-45B88D6DCBDC}.Debug|x64.Build.0 = Debug|x64
		{86F87BE0-95C8-4846-A5CF-45B88D6DCBDC}.Debug|x86.ActiveCfg = Debug|Win32
		{86F87BE0-95C8-4846-A5CF-45B88D6DCBDC}.Debug|x86.Build.0 = Debug|Win32
		{86F87BE0-95C8-4846-A5CF-45B88D6DCBDC}.Release|x64.ActiveCfg = Release|x64
		{86F87BE0-95C8-4846-A5CF-45B88D6DCBDC}.Release|x64.Build.0 = Release|x64
		{86F87BE0-95C8-4846-A5CF-45B88D6DCBDC}.Release|x86.ActiveCfg = Release|Win32
		{86F87BE0-95C8-4846-A5CF-45B88D6DCBDC}.Release|x86.Build.0 = Release|Win32
		{DCD9894F-F45D-41C9-B1A2-86141DBED32A}.Debug|x64.ActiveCfg = Debug|x64
		{DCD9894F-F45D-41C9-B1A2-86141DBED32A}.Debug|x64.Build.0 = Debug|x64
		{DCD9894F-F45D-41C9-B1A2-86141DBED32A}.Debug|x86.ActiveCfg = Debug|Win32
		{DCD9894F-F45D-41C9-B1A2-86141DBED32A}.Debug|x86.Build.0 = Debug|Win32
		{DCD9894F-F45D-41C9-B1A2-86141DBED32A}.Release|x64.ActiveCfg = Release|x64
		{DCD9894F-F45D-41C9-B1A2-86141DBED32A}.Release|x64.Build.0 = Release|x64
		{DCD9894F-F45D-41C9-B1A2-86141DBED32A}.Release|x86.ActiveCfg = Release|Win32
		{DCD9894F-F45D-41C9-B1A2-86141DBED32A}.Release|x86.Build.0 = Release|Win32
		{DA178CD9-0E19-43BB-AF76-6AF94BF3A4FD}.Debug|x64.ActiveCfg = Debug|x64
		{DA178CD9-0E19-43BB-AF76-6AF94BF3A4FD}.Debug|x64.Build.0 = Debug|x64
		{DA178CD9-0E19-43BB-AF76-6AF94BF3A4FD}.Debug|x86.ActiveCfg = Debug|Win32
		{DA178CD9-0E19-43BB-AF76-6AF94BF3A4FD}.Debug|x86.Build.0 = Debug|Win32
		{DA178CD9-0E19-43BB-AF76-6AF94BF3A4FD}.Release|x64.ActiveCfg = Release|x64
		{DA178CD9-0E19-43BB-AF76-6AF94BF3A4FD}.Release|x64.Build.0 = Release|x64
		{DA178CD9-0E19-43BB-AF76-6AF94BF3A4FD}.Release|x86.ActiveCfg = Release|Win32
		{DA178CD9-0E19-43BB-AF76-6AF94BF3A4FD}.Release|x86.Build.0 = Release|Win32
	EndGlobalSection
	GlobalSection(SolutionProperties) = preSolution
		HideSolutionNode = FALSE
	EndGlobalSection
	GlobalSection(ExtensibilityGlobals) = postSolution
		SolutionGuid = {9A17BB6D-E501-45C9-B1DF-D32A25194B72}
	EndGlobalSection
EndGlobal
